// !$*UTF8*$!
{
	archiveVersion = 1;
	classes = {
	};
	objectVersion = 51;
	objects = {

/* Begin PBXBuildFile section */
		CED39571261551C900061BE7 /* AppDelegate.swift in Sources */ = {isa = PBXBuildFile; fileRef = CED39570261551C900061BE7 /* AppDelegate.swift */; };
		CED39573261551C900061BE7 /* SceneDelegate.swift in Sources */ = {isa = PBXBuildFile; fileRef = CED39572261551C900061BE7 /* SceneDelegate.swift */; };
		CED39575261551C900061BE7 /* ViewController.swift in Sources */ = {isa = PBXBuildFile; fileRef = CED39574261551C900061BE7 /* ViewController.swift */; };
		CED39578261551C900061BE7 /* Main.storyboard in Resources */ = {isa = PBXBuildFile; fileRef = CED39576261551C900061BE7 /* Main.storyboard */; };
		CED3957A261551CA00061BE7 /* Assets.xcassets in Resources */ = {isa = PBXBuildFile; fileRef = CED39579261551CA00061BE7 /* Assets.xcassets */; };
		CED3957D261551CA00061BE7 /* LaunchScreen.storyboard in Resources */ = {isa = PBXBuildFile; fileRef = CED3957B261551CA00061BE7 /* LaunchScreen.storyboard */; };
		CED395862615DE4900061BE7 /* GoogleService-Info.plist in Resources */ = {isa = PBXBuildFile; fileRef = CED395852615DE4900061BE7 /* GoogleService-Info.plist */; };
		CED395B4261615E500061BE7 /* Pods_NewAppIOS.framework in Frameworks */ = {isa = PBXBuildFile; fileRef = 6AFCC86125971D046AC3EA47 /* Pods_NewAppIOS.framework */; };
		CED395B5261615E500061BE7 /* Pods_NewAppIOS.framework in Embed Frameworks */ = {isa = PBXBuildFile; fileRef = 6AFCC86125971D046AC3EA47 /* Pods_NewAppIOS.framework */; settings = {ATTRIBUTES = (CodeSignOnCopy, RemoveHeadersOnCopy, ); }; };
		CED395BF26161DE200061BE7 /* AuthViewController.swift in Sources */ = {isa = PBXBuildFile; fileRef = CED395BE26161DE200061BE7 /* AuthViewController.swift */; };
		CED395C126161DF800061BE7 /* SignInViewController.swift in Sources */ = {isa = PBXBuildFile; fileRef = CED395C026161DF800061BE7 /* SignInViewController.swift */; };
		CED395C326161E2000061BE7 /* LoginViewController.swift in Sources */ = {isa = PBXBuildFile; fileRef = CED395C226161E2000061BE7 /* LoginViewController.swift */; };
		CED395C526161E5800061BE7 /* PageViewController.swift in Sources */ = {isa = PBXBuildFile; fileRef = CED395C426161E5800061BE7 /* PageViewController.swift */; };
/* End PBXBuildFile section */

/* Begin PBXCopyFilesBuildPhase section */
		CED395B12616158E00061BE7 /* Embed Frameworks */ = {
			isa = PBXCopyFilesBuildPhase;
			buildActionMask = 2147483647;
			dstPath = "";
			dstSubfolderSpec = 10;
			files = (
				CED395B5261615E500061BE7 /* Pods_NewAppIOS.framework in Embed Frameworks */,
			);
			name = "Embed Frameworks";
			runOnlyForDeploymentPostprocessing = 0;
		};
/* End PBXCopyFilesBuildPhase section */

/* Begin PBXFileReference section */
		0E8E66658E56DA70B4EE5549 /* Pods-NewAppIOS.release.xcconfig */ = {isa = PBXFileReference; includeInIndex = 1; lastKnownFileType = text.xcconfig; name = "Pods-NewAppIOS.release.xcconfig"; path = "Target Support Files/Pods-NewAppIOS/Pods-NewAppIOS.release.xcconfig"; sourceTree = "<group>"; };
		1F4F3D9D17E3EA0B7A51F793 /* Pods-NewAppIOS.debug.xcconfig */ = {isa = PBXFileReference; includeInIndex = 1; lastKnownFileType = text.xcconfig; name = "Pods-NewAppIOS.debug.xcconfig"; path = "Target Support Files/Pods-NewAppIOS/Pods-NewAppIOS.debug.xcconfig"; sourceTree = "<group>"; };
		6AFCC86125971D046AC3EA47 /* Pods_NewAppIOS.framework */ = {isa = PBXFileReference; explicitFileType = wrapper.framework; includeInIndex = 0; path = Pods_NewAppIOS.framework; sourceTree = BUILT_PRODUCTS_DIR; };
		CED3956D261551C900061BE7 /* NewAppIOS.app */ = {isa = PBXFileReference; explicitFileType = wrapper.application; includeInIndex = 0; path = NewAppIOS.app; sourceTree = BUILT_PRODUCTS_DIR; };
		CED39570261551C900061BE7 /* AppDelegate.swift */ = {isa = PBXFileReference; lastKnownFileType = sourcecode.swift; path = AppDelegate.swift; sourceTree = "<group>"; };
		CED39572261551C900061BE7 /* SceneDelegate.swift */ = {isa = PBXFileReference; lastKnownFileType = sourcecode.swift; path = SceneDelegate.swift; sourceTree = "<group>"; };
		CED39574261551C900061BE7 /* ViewController.swift */ = {isa = PBXFileReference; lastKnownFileType = sourcecode.swift; path = ViewController.swift; sourceTree = "<group>"; };
		CED39577261551C900061BE7 /* Base */ = {isa = PBXFileReference; lastKnownFileType = file.storyboard; name = Base; path = Base.lproj/Main.storyboard; sourceTree = "<group>"; };
		CED39579261551CA00061BE7 /* Assets.xcassets */ = {isa = PBXFileReference; lastKnownFileType = folder.assetcatalog; path = Assets.xcassets; sourceTree = "<group>"; };
		CED3957C261551CA00061BE7 /* Base */ = {isa = PBXFileReference; lastKnownFileType = file.storyboard; name = Base; path = Base.lproj/LaunchScreen.storyboard; sourceTree = "<group>"; };
		CED3957E261551CA00061BE7 /* Info.plist */ = {isa = PBXFileReference; lastKnownFileType = text.plist.xml; path = Info.plist; sourceTree = "<group>"; };
		CED395852615DE4900061BE7 /* GoogleService-Info.plist */ = {isa = PBXFileReference; fileEncoding = 4; lastKnownFileType = text.plist.xml; path = "GoogleService-Info.plist"; sourceTree = "<group>"; };
		CED3959F2616135600061BE7 /* FirebaseAuth.framework */ = {isa = PBXFileReference; explicitFileType = wrapper.framework; path = FirebaseAuth.framework; sourceTree = BUILT_PRODUCTS_DIR; };
		CED395A32616136400061BE7 /* FirebaseDatabase.framework */ = {isa = PBXFileReference; explicitFileType = wrapper.framework; path = FirebaseDatabase.framework; sourceTree = BUILT_PRODUCTS_DIR; };
		CED395A62616137100061BE7 /* FirebaseFirestore.framework */ = {isa = PBXFileReference; explicitFileType = wrapper.framework; path = FirebaseFirestore.framework; sourceTree = BUILT_PRODUCTS_DIR; };
		CED395A92616137F00061BE7 /* FirebaseAnalytics.xcframework */ = {isa = PBXFileReference; lastKnownFileType = wrapper.xcframework; name = FirebaseAnalytics.xcframework; path = Pods/FirebaseAnalytics/Frameworks/FirebaseAnalytics.xcframework; sourceTree = "<group>"; };
		CED395BE26161DE200061BE7 /* AuthViewController.swift */ = {isa = PBXFileReference; lastKnownFileType = sourcecode.swift; path = AuthViewController.swift; sourceTree = "<group>"; };
		CED395C026161DF800061BE7 /* SignInViewController.swift */ = {isa = PBXFileReference; lastKnownFileType = sourcecode.swift; path = SignInViewController.swift; sourceTree = "<group>"; };
		CED395C226161E2000061BE7 /* LoginViewController.swift */ = {isa = PBXFileReference; lastKnownFileType = sourcecode.swift; path = LoginViewController.swift; sourceTree = "<group>"; };
		CED395C426161E5800061BE7 /* PageViewController.swift */ = {isa = PBXFileReference; lastKnownFileType = sourcecode.swift; path = PageViewController.swift; sourceTree = "<group>"; };
/* End PBXFileReference section */

/* Begin PBXFrameworksBuildPhase section */
		CED3956A261551C900061BE7 /* Frameworks */ = {
			isa = PBXFrameworksBuildPhase;
			buildActionMask = 2147483647;
			files = (
				CED395B4261615E500061BE7 /* Pods_NewAppIOS.framework in Frameworks */,
			);
			runOnlyForDeploymentPostprocessing = 0;
		};
/* End PBXFrameworksBuildPhase section */

/* Begin PBXGroup section */
		BF36A621596DD9BAB9C23525 /* Frameworks */ = {
			isa = PBXGroup;
			children = (
				CED395A92616137F00061BE7 /* FirebaseAnalytics.xcframework */,
				CED395A62616137100061BE7 /* FirebaseFirestore.framework */,
				CED395A32616136400061BE7 /* FirebaseDatabase.framework */,
				CED3959F2616135600061BE7 /* FirebaseAuth.framework */,
				6AFCC86125971D046AC3EA47 /* Pods_NewAppIOS.framework */,
			);
			name = Frameworks;
			sourceTree = "<group>";
		};
		CED39564261551C900061BE7 = {
			isa = PBXGroup;
			children = (
				CED3956F261551C900061BE7 /* NewAppIOS */,
				CED3956E261551C900061BE7 /* Products */,
				F25B32F9BD9CADAE50B809A0 /* Pods */,
				BF36A621596DD9BAB9C23525 /* Frameworks */,
			);
			sourceTree = "<group>";
		};
		CED3956E261551C900061BE7 /* Products */ = {
			isa = PBXGroup;
			children = (
				CED3956D261551C900061BE7 /* NewAppIOS.app */,
			);
			name = Products;
			sourceTree = "<group>";
		};
		CED3956F261551C900061BE7 /* NewAppIOS */ = {
			isa = PBXGroup;
			children = (
				CED39570261551C900061BE7 /* AppDelegate.swift */,
				CED39572261551C900061BE7 /* SceneDelegate.swift */,
				CED39574261551C900061BE7 /* ViewController.swift */,
				CED395C426161E5800061BE7 /* PageViewController.swift */,
				CED395C226161E2000061BE7 /* LoginViewController.swift */,
				CED395C026161DF800061BE7 /* SignInViewController.swift */,
				CED395BE26161DE200061BE7 /* AuthViewController.swift */,
				CED39576261551C900061BE7 /* Main.storyboard */,
				CED39579261551CA00061BE7 /* Assets.xcassets */,
				CED3957B261551CA00061BE7 /* LaunchScreen.storyboard */,
				CED3957E261551CA00061BE7 /* Info.plist */,
				CED395852615DE4900061BE7 /* GoogleService-Info.plist */,
			);
			path = NewAppIOS;
			sourceTree = "<group>";
		};
		F25B32F9BD9CADAE50B809A0 /* Pods */ = {
			isa = PBXGroup;
			children = (
				1F4F3D9D17E3EA0B7A51F793 /* Pods-NewAppIOS.debug.xcconfig */,
				0E8E66658E56DA70B4EE5549 /* Pods-NewAppIOS.release.xcconfig */,
			);
			path = Pods;
			sourceTree = "<group>";
		};
/* End PBXGroup section */

/* Begin PBXNativeTarget section */
		CED3956C261551C900061BE7 /* NewAppIOS */ = {
			isa = PBXNativeTarget;
			buildConfigurationList = CED39581261551CA00061BE7 /* Build configuration list for PBXNativeTarget "NewAppIOS" */;
			buildPhases = (
				9084DB377B34DAB9551A07FB /* [CP] Check Pods Manifest.lock */,
				CED39569261551C900061BE7 /* Sources */,
				CED3956A261551C900061BE7 /* Frameworks */,
				CED3956B261551C900061BE7 /* Resources */,
				CE0C78409A4B78B495B7306D /* [CP] Embed Pods Frameworks */,
				CED395B12616158E00061BE7 /* Embed Frameworks */,
			);
			buildRules = (
			);
			dependencies = (
			);
			name = NewAppIOS;
			productName = NewAppIOS;
			productReference = CED3956D261551C900061BE7 /* NewAppIOS.app */;
			productType = "com.apple.product-type.application";
		};
/* End PBXNativeTarget section */

/* Begin PBXProject section */
		CED39565261551C900061BE7 /* Project object */ = {
			isa = PBXProject;
			attributes = {
				LastSwiftUpdateCheck = 1230;
				LastUpgradeCheck = 1230;
				TargetAttributes = {
					CED3956C261551C900061BE7 = {
						CreatedOnToolsVersion = 12.3;
					};
				};
			};
			buildConfigurationList = CED39568261551C900061BE7 /* Build configuration list for PBXProject "NewAppIOS" */;
			compatibilityVersion = "Xcode 9.3";
			developmentRegion = en;
			hasScannedForEncodings = 0;
			knownRegions = (
				en,
				Base,
			);
			mainGroup = CED39564261551C900061BE7;
			productRefGroup = CED3956E261551C900061BE7 /* Products */;
			projectDirPath = "";
			projectRoot = "";
			targets = (
				CED3956C261551C900061BE7 /* NewAppIOS */,
			);
		};
/* End PBXProject section */

/* Begin PBXResourcesBuildPhase section */
		CED3956B261551C900061BE7 /* Resources */ = {
			isa = PBXResourcesBuildPhase;
			buildActionMask = 2147483647;
			files = (
				CED3957D261551CA00061BE7 /* LaunchScreen.storyboard in Resources */,
				CED395862615DE4900061BE7 /* GoogleService-Info.plist in Resources */,
				CED3957A261551CA00061BE7 /* Assets.xcassets in Resources */,
				CED39578261551C900061BE7 /* Main.storyboard in Resources */,
			);
			runOnlyForDeploymentPostprocessing = 0;
		};
/* End PBXResourcesBuildPhase section */

/* Begin PBXShellScriptBuildPhase section */
		9084DB377B34DAB9551A07FB /* [CP] Check Pods Manifest.lock */ = {
			isa = PBXShellScriptBuildPhase;
			buildActionMask = 2147483647;
			files = (
			);
			inputFileListPaths = (
			);
			inputPaths = (
				"${PODS_PODFILE_DIR_PATH}/Podfile.lock",
				"${PODS_ROOT}/Manifest.lock",
			);
			name = "[CP] Check Pods Manifest.lock";
			outputFileListPaths = (
			);
			outputPaths = (
				"$(DERIVED_FILE_DIR)/Pods-NewAppIOS-checkManifestLockResult.txt",
			);
			runOnlyForDeploymentPostprocessing = 0;
			shellPath = /bin/sh;
			shellScript = "diff \"${PODS_PODFILE_DIR_PATH}/Podfile.lock\" \"${PODS_ROOT}/Manifest.lock\" > /dev/null\nif [ $? != 0 ] ; then\n    # print error to STDERR\n    echo \"error: The sandbox is not in sync with the Podfile.lock. Run 'pod install' or update your CocoaPods installation.\" >&2\n    exit 1\nfi\n# This output is used by Xcode 'outputs' to avoid re-running this script phase.\necho \"SUCCESS\" > \"${SCRIPT_OUTPUT_FILE_0}\"\n";
			showEnvVarsInLog = 0;
		};
		CE0C78409A4B78B495B7306D /* [CP] Embed Pods Frameworks */ = {
			isa = PBXShellScriptBuildPhase;
			buildActionMask = 2147483647;
			files = (
			);
			inputFileListPaths = (
				"${PODS_ROOT}/Target Support Files/Pods-NewAppIOS/Pods-NewAppIOS-frameworks-${CONFIGURATION}-input-files.xcfilelist",
			);
			name = "[CP] Embed Pods Frameworks";
			outputFileListPaths = (
				"${PODS_ROOT}/Target Support Files/Pods-NewAppIOS/Pods-NewAppIOS-frameworks-${CONFIGURATION}-output-files.xcfilelist",
			);
			runOnlyForDeploymentPostprocessing = 0;
			shellPath = /bin/sh;
			shellScript = "\"${PODS_ROOT}/Target Support Files/Pods-NewAppIOS/Pods-NewAppIOS-frameworks.sh\"\n";
			showEnvVarsInLog = 0;
		};
/* End PBXShellScriptBuildPhase section */

/* Begin PBXSourcesBuildPhase section */
		CED39569261551C900061BE7 /* Sources */ = {
			isa = PBXSourcesBuildPhase;
			buildActionMask = 2147483647;
			files = (
				CED395C326161E2000061BE7 /* LoginViewController.swift in Sources */,
				CED395C526161E5800061BE7 /* PageViewController.swift in Sources */,
				CED395BF26161DE200061BE7 /* AuthViewController.swift in Sources */,
				CED395C126161DF800061BE7 /* SignInViewController.swift in Sources */,
				CED39575261551C900061BE7 /* ViewController.swift in Sources */,
				CED39571261551C900061BE7 /* AppDelegate.swift in Sources */,
				CED39573261551C900061BE7 /* SceneDelegate.swift in Sources */,
			);
			runOnlyForDeploymentPostprocessing = 0;
		};
/* End PBXSourcesBuildPhase section */

/* Begin PBXVariantGroup section */
		CED39576261551C900061BE7 /* Main.storyboard */ = {
			isa = PBXVariantGroup;
			children = (
				CED39577261551C900061BE7 /* Base */,
			);
			name = Main.storyboard;
			sourceTree = "<group>";
		};
		CED3957B261551CA00061BE7 /* LaunchScreen.storyboard */ = {
			isa = PBXVariantGroup;
			children = (
				CED3957C261551CA00061BE7 /* Base */,
			);
			name = LaunchScreen.storyboard;
			sourceTree = "<group>";
		};
/* End PBXVariantGroup section */

/* Begin XCBuildConfiguration section */
		CED3957F261551CA00061BE7 /* Debug */ = {
			isa = XCBuildConfiguration;
			buildSettings = {
				ALWAYS_SEARCH_USER_PATHS = NO;
				CLANG_ANALYZER_NONNULL = YES;
				CLANG_ANALYZER_NUMBER_OBJECT_CONVERSION = YES_AGGRESSIVE;
				CLANG_CXX_LANGUAGE_STANDARD = "gnu++14";
				CLANG_CXX_LIBRARY = "libc++";
				CLANG_ENABLE_MODULES = YES;
				CLANG_ENABLE_OBJC_ARC = YES;
				CLANG_ENABLE_OBJC_WEAK = YES;
				CLANG_WARN_BLOCK_CAPTURE_AUTORELEASING = YES;
				CLANG_WARN_BOOL_CONVERSION = YES;
				CLANG_WARN_COMMA = YES;
				CLANG_WARN_CONSTANT_CONVERSION = YES;
				CLANG_WARN_DEPRECATED_OBJC_IMPLEMENTATIONS = YES;
				CLANG_WARN_DIRECT_OBJC_ISA_USAGE = YES_ERROR;
				CLANG_WARN_DOCUMENTATION_COMMENTS = YES;
				CLANG_WARN_EMPTY_BODY = YES;
				CLANG_WARN_ENUM_CONVERSION = YES;
				CLANG_WARN_INFINITE_RECURSION = YES;
				CLANG_WARN_INT_CONVERSION = YES;
				CLANG_WARN_NON_LITERAL_NULL_CONVERSION = YES;
				CLANG_WARN_OBJC_IMPLICIT_RETAIN_SELF = YES;
				CLANG_WARN_OBJC_LITERAL_CONVERSION = YES;
				CLANG_WARN_OBJC_ROOT_CLASS = YES_ERROR;
				CLANG_WARN_QUOTED_INCLUDE_IN_FRAMEWORK_HEADER = YES;
				CLANG_WARN_RANGE_LOOP_ANALYSIS = YES;
				CLANG_WARN_STRICT_PROTOTYPES = YES;
				CLANG_WARN_SUSPICIOUS_MOVE = YES;
				CLANG_WARN_UNGUARDED_AVAILABILITY = YES_AGGRESSIVE;
				CLANG_WARN_UNREACHABLE_CODE = YES;
				CLANG_WARN__DUPLICATE_METHOD_MATCH = YES;
				COPY_PHASE_STRIP = NO;
				DEBUG_INFORMATION_FORMAT = dwarf;
				ENABLE_STRICT_OBJC_MSGSEND = YES;
				ENABLE_TESTABILITY = YES;
				GCC_C_LANGUAGE_STANDARD = gnu11;
				GCC_DYNAMIC_NO_PIC = NO;
				GCC_NO_COMMON_BLOCKS = YES;
				GCC_OPTIMIZATION_LEVEL = 0;
				GCC_PREPROCESSOR_DEFINITIONS = (
					"DEBUG=1",
					"$(inherited)",
				);
				GCC_WARN_64_TO_32_BIT_CONVERSION = YES;
				GCC_WARN_ABOUT_RETURN_TYPE = YES_ERROR;
				GCC_WARN_UNDECLARED_SELECTOR = YES;
				GCC_WARN_UNINITIALIZED_AUTOS = YES_AGGRESSIVE;
				GCC_WARN_UNUSED_FUNCTION = YES;
				GCC_WARN_UNUSED_VARIABLE = YES;
				IPHONEOS_DEPLOYMENT_TARGET = 14.3;
				MTL_ENABLE_DEBUG_INFO = INCLUDE_SOURCE;
				MTL_FAST_MATH = YES;
				ONLY_ACTIVE_ARCH = YES;
				SDKROOT = iphoneos;
				SWIFT_ACTIVE_COMPILATION_CONDITIONS = DEBUG;
				SWIFT_OPTIMIZATION_LEVEL = "-Onone";
			};
			name = Debug;
		};
		CED39580261551CA00061BE7 /* Release */ = {
			isa = XCBuildConfiguration;
			buildSettings = {
				ALWAYS_SEARCH_USER_PATHS = NO;
				CLANG_ANALYZER_NONNULL = YES;
				CLANG_ANALYZER_NUMBER_OBJECT_CONVERSION = YES_AGGRESSIVE;
				CLANG_CXX_LANGUAGE_STANDARD = "gnu++14";
				CLANG_CXX_LIBRARY = "libc++";
				CLANG_ENABLE_MODULES = YES;
				CLANG_ENABLE_OBJC_ARC = YES;
				CLANG_ENABLE_OBJC_WEAK = YES;
				CLANG_WARN_BLOCK_CAPTURE_AUTORELEASING = YES;
				CLANG_WARN_BOOL_CONVERSION = YES;
				CLANG_WARN_COMMA = YES;
				CLANG_WARN_CONSTANT_CONVERSION = YES;
				CLANG_WARN_DEPRECATED_OBJC_IMPLEMENTATIONS = YES;
				CLANG_WARN_DIRECT_OBJC_ISA_USAGE = YES_ERROR;
				CLANG_WARN_DOCUMENTATION_COMMENTS = YES;
				CLANG_WARN_EMPTY_BODY = YES;
				CLANG_WARN_ENUM_CONVERSION = YES;
				CLANG_WARN_INFINITE_RECURSION = YES;
				CLANG_WARN_INT_CONVERSION = YES;
				CLANG_WARN_NON_LITERAL_NULL_CONVERSION = YES;
				CLANG_WARN_OBJC_IMPLICIT_RETAIN_SELF = YES;
				CLANG_WARN_OBJC_LITERAL_CONVERSION = YES;
				CLANG_WARN_OBJC_ROOT_CLASS = YES_ERROR;
				CLANG_WARN_QUOTED_INCLUDE_IN_FRAMEWORK_HEADER = YES;
				CLANG_WARN_RANGE_LOOP_ANALYSIS = YES;
				CLANG_WARN_STRICT_PROTOTYPES = YES;
				CLANG_WARN_SUSPICIOUS_MOVE = YES;
				CLANG_WARN_UNGUARDED_AVAILABILITY = YES_AGGRESSIVE;
				CLANG_WARN_UNREACHABLE_CODE = YES;
				CLANG_WARN__DUPLICATE_METHOD_MATCH = YES;
				COPY_PHASE_STRIP = NO;
				DEBUG_INFORMATION_FORMAT = "dwarf-with-dsym";
				ENABLE_NS_ASSERTIONS = NO;
				ENABLE_STRICT_OBJC_MSGSEND = YES;
				GCC_C_LANGUAGE_STANDARD = gnu11;
				GCC_NO_COMMON_BLOCKS = YES;
				GCC_WARN_64_TO_32_BIT_CONVERSION = YES;
				GCC_WARN_ABOUT_RETURN_TYPE = YES_ERROR;
				GCC_WARN_UNDECLARED_SELECTOR = YES;
				GCC_WARN_UNINITIALIZED_AUTOS = YES_AGGRESSIVE;
				GCC_WARN_UNUSED_FUNCTION = YES;
				GCC_WARN_UNUSED_VARIABLE = YES;
				IPHONEOS_DEPLOYMENT_TARGET = 14.3;
				MTL_ENABLE_DEBUG_INFO = NO;
				MTL_FAST_MATH = YES;
				SDKROOT = iphoneos;
				SWIFT_COMPILATION_MODE = wholemodule;
				SWIFT_OPTIMIZATION_LEVEL = "-O";
				VALIDATE_PRODUCT = YES;
			};
			name = Release;
		};
		CED39582261551CA00061BE7 /* Debug */ = {
			isa = XCBuildConfiguration;
			baseConfigurationReference = 1F4F3D9D17E3EA0B7A51F793 /* Pods-NewAppIOS.debug.xcconfig */;
			buildSettings = {
				ASSETCATALOG_COMPILER_APPICON_NAME = AppIcon;
				ASSETCATALOG_COMPILER_GLOBAL_ACCENT_COLOR_NAME = AccentColor;
				CODE_SIGN_STYLE = Automatic;
				INFOPLIST_FILE = NewAppIOS/Info.plist;
				LD_RUNPATH_SEARCH_PATHS = (
					"$(inherited)",
					"@executable_path/Frameworks",
				);
				PRODUCT_BUNDLE_IDENTIFIER = io.alion.NewAppIOS;
				PRODUCT_NAME = "$(TARGET_NAME)";
				SWIFT_VERSION = 5.0;
				TARGETED_DEVICE_FAMILY = "1,2";
			};
			name = Debug;
		};
		CED39583261551CA00061BE7 /* Release */ = {
			isa = XCBuildConfiguration;
			baseConfigurationReference = 0E8E66658E56DA70B4EE5549 /* Pods-NewAppIOS.release.xcconfig */;
			buildSettings = {
				ASSETCATALOG_COMPILER_APPICON_NAME = AppIcon;
				ASSETCATALOG_COMPILER_GLOBAL_ACCENT_COLOR_NAME = AccentColor;
				CODE_SIGN_STYLE = Automatic;
				INFOPLIST_FILE = NewAppIOS/Info.plist;
				LD_RUNPATH_SEARCH_PATHS = (
					"$(inherited)",
					"@executable_path/Frameworks",
				);
				PRODUCT_BUNDLE_IDENTIFIER = io.alion.NewAppIOS;
				PRODUCT_NAME = "$(TARGET_NAME)";
				SWIFT_VERSION = 5.0;
				TARGETED_DEVICE_FAMILY = "1,2";
			};
			name = Release;
		};
/* End XCBuildConfiguration section */

/* Begin XCConfigurationList section */
		CED39568261551C900061BE7 /* Build configuration list for PBXProject "NewAppIOS" */ = {
			isa = XCConfigurationList;
			buildConfigurations = (
				CED3957F261551CA00061BE7 /* Debug */,
				CED39580261551CA00061BE7 /* Release */,
			);
			defaultConfigurationIsVisible = 0;
			defaultConfigurationName = Release;
		};
		CED39581261551CA00061BE7 /* Build configuration list for PBXNativeTarget "NewAppIOS" */ = {
			isa = XCConfigurationList;
			buildConfigurations = (
				CED39582261551CA00061BE7 /* Debug */,
				CED39583261551CA00061BE7 /* Release */,
			);
			defaultConfigurationIsVisible = 0;
			defaultConfigurationName = Release;
		};
/* End XCConfigurationList section */
	};
	rootObject = CED39565261551C900061BE7 /* Project object */;
}
